
Microsoft Visual Studio Solution File, Format Version 12.00
# Visual Studio Version 16
VisualStudioVersion = 16.0.30128.74
MinimumVisualStudioVersion = 10.0.40219.1
Project("{FAE04EC0-301F-11D3-BF4B-00C04F79EFBC}") = "demo", "demo\demo.csproj", "{DFAA96DD-772F-459B-A793-6CE13EB0BEF9}"
EndProject
Global
	GlobalSection(SolutionConfigurationPlatforms) = preSolution
		Debug|Any CPU = Debug|Any CPU
		Release|Any CPU = Release|Any CPU
	EndGlobalSection
	GlobalSection(ProjectConfigurationPlatforms) = postSolution
		{DFAA96DD-772F-459B-A793-6CE13EB0BEF9}.Debug|Any CPU.ActiveCfg = Debug|Any CPU
		{DFAA96DD-772F-459B-A793-6CE13EB0BEF9}.Debug|Any CPU.Build.0 = Debug|Any CPU
		{DFAA96DD-772F-459B-A793-6CE13EB0BEF9}.Release|Any CPU.ActiveCfg = Release|Any CPU
		{DFAA96DD-772F-459B-A793-6CE13EB0BEF9}.Release|Any CPU.Build.0 = Release|Any CPU
	EndGlobalSection
	GlobalSection(SolutionProperties) = preSolution
		HideSolutionNode = FALSE
	EndGlobalSection
	GlobalSection(ExtensibilityGlobals) = postSolution
		SolutionGuid = {126AE4CD-FCCF-4DD9-A5DD-1F51F0F8ADE6}
	EndGlobalSection
EndGlobal
